#config_version=5

mode:
  start_events: start_light_lock
  stop_events: stop_light_lock
  priority: 600
  restart_on_next_ball: true

#                                                      ,d            
#                                                      88            
#   ,adPPYba,  8b       d8   ,adPPYba,  8b,dPPYba,   MM88MMM         
#  a8P_____88  `8b     d8'  a8P_____88  88P'   `"8a    88            
#  8PP"""""""   `8b   d8'   8PP"""""""  88       88    88            
#  "8b,   ,aa    `8b,d8'    "8b,   ,aa  88       88    88,           
#   `"Ybbd8"'   88 "8"       `"Ybbd8"'  88       88    "Y888         
#               88                                                   
#               88                                                   
#  8b,dPPYba,   88  ,adPPYYba,  8b       d8   ,adPPYba,  8b,dPPYba,  
#  88P'    "8a  88  ""     `Y8  `8b     d8'  a8P_____88  88P'   "Y8  
#  88       d8  88  ,adPPPPP88   `8b   d8'   8PP"""""""  88          
#  88b,   ,a8"  88  88,    ,88    `8b,d8'    "8b,   ,aa  88          
#  88`YbbdP"'   88  `"8bbdP"Y8      Y88'      `"Ybbd8"'  88          
#  88                               d8'                              
#  88                              d8'

event_player:
  ball_lock_counter_complete:
    - play_ball_locked_slide
    - stop_light_lock|2.5s
  
  # Basically, we only want lock to be lit when no game modes are running, and all game modes stop mission select when they start.
  # Base turns mission select back on when a mode is done. 
  stop_mission_select:
    - pause_light_lock
  light_mission_select:
    - resume_light_lock

#             88                                                       
#             88                                                       
#             88                                                       
#  ,adPPYba,  88,dPPYba,    ,adPPYba,   8b      db      d8   
#  I8[    ""  88P'    "8a  a8"     "8a  `8b    d88b    d8'   
#   `"Y8ba,   88       88  8b       d8   `8b  d8'`8b  d8'     
#  aa    ]8I  88       88  "8a,   ,a8"    `8bd8'  `8bd8'     
#  `"YbbdP"'  88       88   `"YbbdP"'       YP      YP     
#               88                                                   
#               88                                                   
#               88                                                   
#  8b,dPPYba,   88  ,adPPYYba,  8b       d8   ,adPPYba,  8b,dPPYba,  
#  88P'    "8a  88  ""     `Y8  `8b     d8'  a8P_____88  88P'   "Y8  
#  88       d8  88  ,adPPPPP88   `8b   d8'   8PP"""""""  88          
#  88b,   ,a8"  88  88,    ,88    `8b,d8'    "8b,   ,aa  88          
#  88`YbbdP"'   88  `"8bbdP"Y8      Y88'      `"Ybbd8"'  88          
#  88                               d8'                              
#  88                              d8' 

show_player:
  mode_light_lock_started:
    lock_advertise:
      loops: -1
      show_tokens:
        lights: l_center_lock
  pause_light_lock:
    lock_advertise: 
      action: stop
  resume_light_lock:
    lock_advertise:
      loops: -1
      show_tokens:
        lights: l_center_lock  

#             88  88           88                                    
#             88  ""           88                                    
#             88               88                                    
#  ,adPPYba,  88  88   ,adPPYb,88   ,adPPYba,                        
#  I8[    ""  88  88  a8"    `Y88  a8P_____88                        
#   `"Y8ba,   88  88  8b       88  8PP"""""""                        
#  aa    ]8I  88  88  "8a,   ,d88  "8b,   ,aa                        
#  `"YbbdP"'  88  88   `"8bbdP"Y8   `"Ybbd8"'
#               88                                                   
#               88                                                   
#               88                                                   
#  8b,dPPYba,   88  ,adPPYYba,  8b       d8   ,adPPYba,  8b,dPPYba,  
#  88P'    "8a  88  ""     `Y8  `8b     d8'  a8P_____88  88P'   "Y8  
#  88       d8  88  ,adPPPPP88   `8b   d8'   8PP"""""""  88          
#  88b,   ,a8"  88  88,    ,88    `8b,d8'    "8b,   ,aa  88          
#  88`YbbdP"'   88  `"8bbdP"Y8      Y88'      `"Ybbd8"'  88          
#  88                               d8'                              
#  88                              d8'

slide_player:
  play_lock_slide:
    lock_lit_slide:
      expire: 2.5s
  play_ball_locked_slide:
    ball_locked_slide:
      expire: 2.5s

#                                                             88     
#                                                             88     
#                                                             88     
#  ,adPPYba,   ,adPPYba,   88       88  8b,dPPYba,    ,adPPYb,88     
#  I8[    ""  a8"     "8a  88       88  88P'   `"8a  a8"    `Y88     
#   `"Y8ba,   8b       d8  88       88  88       88  8b       88     
#  aa    ]8I  "8a,   ,a8"  "8a,   ,a88  88       88  "8a,   ,d88     
#  `"YbbdP"'   `"YbbdP"'    `"YbbdP'Y8  88       88   `"8bbdP"Y8     
#               88                                                   
#               88                                                   
#               88                                                   
#  8b,dPPYba,   88  ,adPPYYba,  8b       d8   ,adPPYba,  8b,dPPYba,  
#  88P'    "8a  88  ""     `Y8  `8b     d8'  a8P_____88  88P'   "Y8  
#  88       d8  88  ,adPPPPP88   `8b   d8'   8PP"""""""  88          
#  88b,   ,a8"  88  88,    ,88    `8b,d8'    "8b,   ,aa  88          
#  88`YbbdP"'   88  `"8bbdP"Y8      Y88'      `"Ybbd8"'  88          
#  88                               d8'                              
#  88                              d8'

sound_player:
  mode_light_lock_started:
    moo:
      action: play
      loops: 0
      events_when_stopped: play_lock_slide
  play_lock_slide:
    lock_is_lit_pool:
      loops: 0
      action: play
  play_ball_locked_slide:
    slam:
      action: play
      loops: 0
    ball_locked:
      action: play
      loops: 0  

#             88  88           88                         
#             88  ""           88                         
#             88               88                         
#  ,adPPYba,  88  88   ,adPPYb,88   ,adPPYba,  ,adPPYba,  
#  I8[    ""  88  88  a8"    `Y88  a8P_____88  I8[    ""  
#   `"Y8ba,   88  88  8b       88  8PP"""""""   `"Y8ba,   
#  aa    ]8I  88  88  "8a,   ,d88  "8b,   ,aa  aa    ]8I  
#  `"YbbdP"'  88  88   `"8bbdP"Y8   `"Ybbd8"'  `"YbbdP"'

slides:
  lock_lit_slide:
    widgets:
      - type: text
        text: LOCK IS LIT
        style: huge 
        color: black
        font_size: 28
        y: 21
        animations:
          show_slide:
            - property: opacity
              value: 0
              duration: .2s
            - property: opacity
              value: 1
              duration: .2s
              repeat: true
      - type: text
        text: "SHOOT THROUGH "
        color: white
        style: small
        x: 38
        y: 5
      - type: text
        text: "THE SPINNER "
        color: white
        style: small
        y: 5
        x: 101
      - type: rectangle
        width: 128
        height: 26
        y: 21
        color: lime
  ball_locked_slide:
    widgets:
      - type: text
        text: BALL (player|htmb_balls_locked) LOCKED
        style: huge 
        color: black
        font_size: 30
        animations:
          show_slide:
            - property: opacity
              value: 0
              duration: .2s
            - property: opacity
              value: 1
              duration: .2s
              repeat: true
      - type: rectangle
        width: 128
        height: 32
        color: lime

#             88                                                       
#             88                                                       
#             88                                                       
#  ,adPPYba,  88,dPPYba,    ,adPPYba,   8b      db      d8  ,adPPYba,  
#  I8[    ""  88P'    "8a  a8"     "8a  `8b    d88b    d8'  I8[    ""  
#   `"Y8ba,   88       88  8b       d8   `8b  d8'`8b  d8'    `"Y8ba,   
#  aa    ]8I  88       88  "8a,   ,a8"    `8bd8'  `8bd8'    aa    ]8I  
#  `"YbbdP"'  88       88   `"YbbdP"'       YP      YP      `"YbbdP"' 

shows:
  lock_advertise:
    - duration: 200ms
      lights:
        (lights): green
    - duration: 200ms
      lights:
        (lights): black

#                                       88              88           88              
#                                       ""              88           88              
#                                                       88           88              
#  8b       d8  ,adPPYYba,  8b,dPPYba,  88  ,adPPYYba,  88,dPPYba,   88   ,adPPYba,  
#  `8b     d8'  ""     `Y8  88P'   "Y8  88  ""     `Y8  88P'    "8a  88  a8P_____88  
#   `8b   d8'   ,adPPPPP88  88          88  ,adPPPPP88  88       d8  88  8PP"""""""  
#    `8b,d8'    88,    ,88  88          88  88,    ,88  88b,   ,a8"  88  "8b,   ,aa  
#      "8"      `"8bbdP"Y8  88          88  `"8bbdP"Y8  8Y"Ybbd8"'   88   `"Ybbd8"'
#               88                                                                   
#               88                                                                   
#               88                                                                   
#  8b,dPPYba,   88  ,adPPYYba,  8b       d8   ,adPPYba,  8b,dPPYba,                  
#  88P'    "8a  88  ""     `Y8  `8b     d8'  a8P_____88  88P'   "Y8                  
#  88       d8  88  ,adPPPPP88   `8b   d8'   8PP"""""""  88                          
#  88b,   ,a8"  88  88,    ,88    `8b,d8'    "8b,   ,aa  88                          
#  88`YbbdP"'   88  `"8bbdP"Y8      Y88'      `"Ybbd8"'  88                          
#  88                               d8'                                              
#  88                              d8' 

variable_player:
  ball_lock_counter_complete:
    htmb_balls_locked: 1

#                                                       ,d                                        
#                                                       88                                        
#   ,adPPYba,   ,adPPYba,   88       88  8b,dPPYba,   MM88MMM   ,adPPYba,  8b,dPPYba,  ,adPPYba,  
#  a8"     ""  a8"     "8a  88       88  88P'   `"8a    88     a8P_____88  88P'   "Y8  I8[    ""  
#  8b          8b       d8  88       88  88       88    88     8PP"""""""  88           `"Y8ba,   
#  "8a,   ,aa  "8a,   ,a8"  "8a,   ,a88  88       88    88,    "8b,   ,aa  88          aa    ]8I  
#   `"Ybbd8"'   `"YbbdP"'    `"YbbdP'Y8  88       88    "Y888   `"Ybbd8"'  88          `"YbbdP"' 

# This intervenes before htmb_balls_locked is incremented. Counter watches for shot, and if the counter is enabled, posts the event
# that the variable player is listening for. (The var player used to just watch for the shot directly.)

# This lets me pause the counter whenever, just by posting "pause_light_lock" and resume it with "resume_light_lock," without having
# to stop/start the mode. Also see the show player above for stopping/starting lights based on these events.

# Actual pausing/resuming is done in base, I think? Or maybe it should be done here in case this mode is running. I guess it doesn't matter.
# If it's done in base, I can just post the events along with other things that are already done on a mode start/stop basis.

# If I do it here, I can be sure that it only happens while this mode is running. 

counters:
  ball_lock_counter:
    count_events: seq_shot_spinner_to_vuk_hit
    count_complete_value: 1
    events_when_complete: ball_lock_counter_complete
    disable_events: pause_light_lock
    enable_events: resume_light_lock, mode_light_lock_started
    start_enabled: true

